
Microsoft Visual Studio Solution File, Format Version 12.00
# Visual Studio Version 16
VisualStudioVersion = 16.0.30114.105
MinimumVisualStudioVersion = 10.0.40219.1
Project("{2150E333-8FDC-42A3-9474-1A3956D46DE8}") = "src", "src", "{BFEBAB3E-76F4-42CB-B68B-0D434CCD972C}"
EndProject
Project("{FAE04EC0-301F-11D3-BF4B-00C04F79EFBC}") = "Ecommerce.Poc.Sale", "src\Ecommerce.Poc.Sale\Ecommerce.Poc.Sale.csproj", "{6840A9AF-4D8E-4B54-9795-CF87127FD5EB}"
EndProject
Project("{FAE04EC0-301F-11D3-BF4B-00C04F79EFBC}") = "Ecommerce.Poc.Catalog", "src\Ecommerce.Poc.Catalog\Ecommerce.Poc.Catalog.csproj", "{9E3ABE31-D6EA-4AC4-9DDE-0BEF05837290}"
EndProject
Project("{FAE04EC0-301F-11D3-BF4B-00C04F79EFBC}") = "Ecommerce.Poc.Search", "src\Ecommerce.Poc.Search\Ecommerce.Poc.Search.csproj", "{E0A8B955-068E-4BBA-B1BD-257A45B91F8D}"
EndProject
Project("{2150E333-8FDC-42A3-9474-1A3956D46DE8}") = "tests", "tests", "{237D7105-58E1-43BE-829C-8DF2CCF4F09C}"
EndProject
Project("{FAE04EC0-301F-11D3-BF4B-00C04F79EFBC}") = "Ecommece.Poc.Catalog.Tests", "tests\Ecommece.Poc.Catalog.Tests\Ecommece.Poc.Catalog.Tests.csproj", "{726F5384-C587-49A9-B32A-CB8440AEBA90}"
EndProject
Project("{FAE04EC0-301F-11D3-BF4B-00C04F79EFBC}") = "Ecommerce.Poc.Payment", "src\Ecommerce.Poc.Payment\Ecommerce.Poc.Payment.csproj", "{511E00DF-B9D3-4DF0-A96D-45057526AABD}"
EndProject
Project("{FAE04EC0-301F-11D3-BF4B-00C04F79EFBC}") = "Ecommerce.Console", "src\Ecommerce.Console\Ecommerce.Console.csproj", "{F80F4E1E-C830-4CF3-9C8C-7ED38E853B51}"
EndProject
Global
	GlobalSection(SolutionConfigurationPlatforms) = preSolution
		Debug|Any CPU = Debug|Any CPU
		Debug|x64 = Debug|x64
		Debug|x86 = Debug|x86
		Release|Any CPU = Release|Any CPU
		Release|x64 = Release|x64
		Release|x86 = Release|x86
	EndGlobalSection
	GlobalSection(SolutionProperties) = preSolution
		HideSolutionNode = FALSE
	EndGlobalSection
	GlobalSection(ProjectConfigurationPlatforms) = postSolution
		{6840A9AF-4D8E-4B54-9795-CF87127FD5EB}.Debug|Any CPU.ActiveCfg = Debug|Any CPU
		{6840A9AF-4D8E-4B54-9795-CF87127FD5EB}.Debug|Any CPU.Build.0 = Debug|Any CPU
		{6840A9AF-4D8E-4B54-9795-CF87127FD5EB}.Debug|x64.ActiveCfg = Debug|Any CPU
		{6840A9AF-4D8E-4B54-9795-CF87127FD5EB}.Debug|x64.Build.0 = Debug|Any CPU
		{6840A9AF-4D8E-4B54-9795-CF87127FD5EB}.Debug|x86.ActiveCfg = Debug|Any CPU
		{6840A9AF-4D8E-4B54-9795-CF87127FD5EB}.Debug|x86.Build.0 = Debug|Any CPU
		{6840A9AF-4D8E-4B54-9795-CF87127FD5EB}.Release|Any CPU.ActiveCfg = Release|Any CPU
		{6840A9AF-4D8E-4B54-9795-CF87127FD5EB}.Release|Any CPU.Build.0 = Release|Any CPU
		{6840A9AF-4D8E-4B54-9795-CF87127FD5EB}.Release|x64.ActiveCfg = Release|Any CPU
		{6840A9AF-4D8E-4B54-9795-CF87127FD5EB}.Release|x64.Build.0 = Release|Any CPU
		{6840A9AF-4D8E-4B54-9795-CF87127FD5EB}.Release|x86.ActiveCfg = Release|Any CPU
		{6840A9AF-4D8E-4B54-9795-CF87127FD5EB}.Release|x86.Build.0 = Release|Any CPU
		{9E3ABE31-D6EA-4AC4-9DDE-0BEF05837290}.Debug|Any CPU.ActiveCfg = Debug|Any CPU
		{9E3ABE31-D6EA-4AC4-9DDE-0BEF05837290}.Debug|Any CPU.Build.0 = Debug|Any CPU
		{9E3ABE31-D6EA-4AC4-9DDE-0BEF05837290}.Debug|x64.ActiveCfg = Debug|Any CPU
		{9E3ABE31-D6EA-4AC4-9DDE-0BEF05837290}.Debug|x64.Build.0 = Debug|Any CPU
		{9E3ABE31-D6EA-4AC4-9DDE-0BEF05837290}.Debug|x86.ActiveCfg = Debug|Any CPU
		{9E3ABE31-D6EA-4AC4-9DDE-0BEF05837290}.Debug|x86.Build.0 = Debug|Any CPU
		{9E3ABE31-D6EA-4AC4-9DDE-0BEF05837290}.Release|Any CPU.ActiveCfg = Release|Any CPU
		{9E3ABE31-D6EA-4AC4-9DDE-0BEF05837290}.Release|Any CPU.Build.0 = Release|Any CPU
		{9E3ABE31-D6EA-4AC4-9DDE-0BEF05837290}.Release|x64.ActiveCfg = Release|Any CPU
		{9E3ABE31-D6EA-4AC4-9DDE-0BEF05837290}.Release|x64.Build.0 = Release|Any CPU
		{9E3ABE31-D6EA-4AC4-9DDE-0BEF05837290}.Release|x86.ActiveCfg = Release|Any CPU
		{9E3ABE31-D6EA-4AC4-9DDE-0BEF05837290}.Release|x86.Build.0 = Release|Any CPU
		{E0A8B955-068E-4BBA-B1BD-257A45B91F8D}.Debug|Any CPU.ActiveCfg = Debug|Any CPU
		{E0A8B955-068E-4BBA-B1BD-257A45B91F8D}.Debug|Any CPU.Build.0 = Debug|Any CPU
		{E0A8B955-068E-4BBA-B1BD-257A45B91F8D}.Debug|x64.ActiveCfg = Debug|Any CPU
		{E0A8B955-068E-4BBA-B1BD-257A45B91F8D}.Debug|x64.Build.0 = Debug|Any CPU
		{E0A8B955-068E-4BBA-B1BD-257A45B91F8D}.Debug|x86.ActiveCfg = Debug|Any CPU
		{E0A8B955-068E-4BBA-B1BD-257A45B91F8D}.Debug|x86.Build.0 = Debug|Any CPU
		{E0A8B955-068E-4BBA-B1BD-257A45B91F8D}.Release|Any CPU.ActiveCfg = Release|Any CPU
		{E0A8B955-068E-4BBA-B1BD-257A45B91F8D}.Release|Any CPU.Build.0 = Release|Any CPU
		{E0A8B955-068E-4BBA-B1BD-257A45B91F8D}.Release|x64.ActiveCfg = Release|Any CPU
		{E0A8B955-068E-4BBA-B1BD-257A45B91F8D}.Release|x64.Build.0 = Release|Any CPU
		{E0A8B955-068E-4BBA-B1BD-257A45B91F8D}.Release|x86.ActiveCfg = Release|Any CPU
		{E0A8B955-068E-4BBA-B1BD-257A45B91F8D}.Release|x86.Build.0 = Release|Any CPU
		{726F5384-C587-49A9-B32A-CB8440AEBA90}.Debug|Any CPU.ActiveCfg = Debug|Any CPU
		{726F5384-C587-49A9-B32A-CB8440AEBA90}.Debug|Any CPU.Build.0 = Debug|Any CPU
		{726F5384-C587-49A9-B32A-CB8440AEBA90}.Debug|x64.ActiveCfg = Debug|Any CPU
		{726F5384-C587-49A9-B32A-CB8440AEBA90}.Debug|x64.Build.0 = Debug|Any CPU
		{726F5384-C587-49A9-B32A-CB8440AEBA90}.Debug|x86.ActiveCfg = Debug|Any CPU
		{726F5384-C587-49A9-B32A-CB8440AEBA90}.Debug|x86.Build.0 = Debug|Any CPU
		{726F5384-C587-49A9-B32A-CB8440AEBA90}.Release|Any CPU.ActiveCfg = Release|Any CPU
		{726F5384-C587-49A9-B32A-CB8440AEBA90}.Release|Any CPU.Build.0 = Release|Any CPU
		{726F5384-C587-49A9-B32A-CB8440AEBA90}.Release|x64.ActiveCfg = Release|Any CPU
		{726F5384-C587-49A9-B32A-CB8440AEBA90}.Release|x64.Build.0 = Release|Any CPU
		{726F5384-C587-49A9-B32A-CB8440AEBA90}.Release|x86.ActiveCfg = Release|Any CPU
		{726F5384-C587-49A9-B32A-CB8440AEBA90}.Release|x86.Build.0 = Release|Any CPU
		{511E00DF-B9D3-4DF0-A96D-45057526AABD}.Debug|Any CPU.ActiveCfg = Debug|Any CPU
		{511E00DF-B9D3-4DF0-A96D-45057526AABD}.Debug|Any CPU.Build.0 = Debug|Any CPU
		{511E00DF-B9D3-4DF0-A96D-45057526AABD}.Debug|x64.ActiveCfg = Debug|Any CPU
		{511E00DF-B9D3-4DF0-A96D-45057526AABD}.Debug|x64.Build.0 = Debug|Any CPU
		{511E00DF-B9D3-4DF0-A96D-45057526AABD}.Debug|x86.ActiveCfg = Debug|Any CPU
		{511E00DF-B9D3-4DF0-A96D-45057526AABD}.Debug|x86.Build.0 = Debug|Any CPU
		{511E00DF-B9D3-4DF0-A96D-45057526AABD}.Release|Any CPU.ActiveCfg = Release|Any CPU
		{511E00DF-B9D3-4DF0-A96D-45057526AABD}.Release|Any CPU.Build.0 = Release|Any CPU
		{511E00DF-B9D3-4DF0-A96D-45057526AABD}.Release|x64.ActiveCfg = Release|Any CPU
		{511E00DF-B9D3-4DF0-A96D-45057526AABD}.Release|x64.Build.0 = Release|Any CPU
		{511E00DF-B9D3-4DF0-A96D-45057526AABD}.Release|x86.ActiveCfg = Release|Any CPU
		{511E00DF-B9D3-4DF0-A96D-45057526AABD}.Release|x86.Build.0 = Release|Any CPU
		{F80F4E1E-C830-4CF3-9C8C-7ED38E853B51}.Debug|Any CPU.ActiveCfg = Debug|Any CPU
		{F80F4E1E-C830-4CF3-9C8C-7ED38E853B51}.Debug|Any CPU.Build.0 = Debug|Any CPU
		{F80F4E1E-C830-4CF3-9C8C-7ED38E853B51}.Debug|x64.ActiveCfg = Debug|Any CPU
		{F80F4E1E-C830-4CF3-9C8C-7ED38E853B51}.Debug|x64.Build.0 = Debug|Any CPU
		{F80F4E1E-C830-4CF3-9C8C-7ED38E853B51}.Debug|x86.ActiveCfg = Debug|Any CPU
		{F80F4E1E-C830-4CF3-9C8C-7ED38E853B51}.Debug|x86.Build.0 = Debug|Any CPU
		{F80F4E1E-C830-4CF3-9C8C-7ED38E853B51}.Release|Any CPU.ActiveCfg = Release|Any CPU
		{F80F4E1E-C830-4CF3-9C8C-7ED38E853B51}.Release|Any CPU.Build.0 = Release|Any CPU
		{F80F4E1E-C830-4CF3-9C8C-7ED38E853B51}.Release|x64.ActiveCfg = Release|Any CPU
		{F80F4E1E-C830-4CF3-9C8C-7ED38E853B51}.Release|x64.Build.0 = Release|Any CPU
		{F80F4E1E-C830-4CF3-9C8C-7ED38E853B51}.Release|x86.ActiveCfg = Release|Any CPU
		{F80F4E1E-C830-4CF3-9C8C-7ED38E853B51}.Release|x86.Build.0 = Release|Any CPU
	EndGlobalSection
	GlobalSection(NestedProjects) = preSolution
		{6840A9AF-4D8E-4B54-9795-CF87127FD5EB} = {BFEBAB3E-76F4-42CB-B68B-0D434CCD972C}
		{9E3ABE31-D6EA-4AC4-9DDE-0BEF05837290} = {BFEBAB3E-76F4-42CB-B68B-0D434CCD972C}
		{E0A8B955-068E-4BBA-B1BD-257A45B91F8D} = {BFEBAB3E-76F4-42CB-B68B-0D434CCD972C}
		{726F5384-C587-49A9-B32A-CB8440AEBA90} = {237D7105-58E1-43BE-829C-8DF2CCF4F09C}
		{511E00DF-B9D3-4DF0-A96D-45057526AABD} = {BFEBAB3E-76F4-42CB-B68B-0D434CCD972C}
		{F80F4E1E-C830-4CF3-9C8C-7ED38E853B51} = {BFEBAB3E-76F4-42CB-B68B-0D434CCD972C}
	EndGlobalSection
EndGlobal
